name: Generate Runtime Lock

on:
  pull_request:
    paths:
      - 'plugin/wla-inmo/composer.json'
      - '.github/workflows/generate-runtime-lock.yml'
  workflow_dispatch:

permissions:
  contents: read

jobs:
  lock:
    name: Composer lock / PHP 8.1
    runs-on: ubuntu-latest

    steps:
      - name: Checkout
        uses: actions/checkout@v4

      - name: Setup PHP 8.1
        uses: shivammathur/setup-php@v2
        with:
          php-version: '8.1'
          extensions: ctype,dom,fileinfo,filter,gd,iconv,libxml,mbstring,simplexml,xml,xmlreader,xmlwriter,zip,zlib
          tools: composer:v2
          coverage: none

      - name: Resolve dependency lock
        run: |
          rm -f plugin/wla-inmo/composer.lock
          composer update \
            --working-dir=plugin/wla-inmo \
            --no-install \
            --prefer-dist \
            --no-interaction \
            --no-progress

      - name: Validate resolved lock
        run: |
          composer validate --strict --working-dir=plugin/wla-inmo
          composer audit --working-dir=plugin/wla-inmo --format=json | tee "$RUNNER_TEMP/composer-audit.json"

      - name: Upload lock evidence
        uses: actions/upload-artifact@v4
        with:
          name: wla-inmo-composer-lock
          path: |
            plugin/wla-inmo/composer.lock
            ${{ runner.temp }}/composer-audit.json
          if-no-files-found: error
          retention-days: 30
